{
  "lockfileVersion": 1,
  "configVersion": 1,
  "workspaces": {
    "": {
      "name": "@hasna/personalnotes",
      "devDependencies": {
        "@hasna/contracts": "0.5.2",
        "typescript": "5.6.3",
      },
    },
  },
  "packages": {
    "@hasna/contracts": ["@hasna/contracts@0.5.2", "", { "dependencies": { "commander": "^13.1.0", "zod": "^3.25.76" }, "bin": { "contracts": "dist/cli/index.js", "contracts-cli": "dist/cli/index.js" } }, "sha512-R7NBm91oMOWQVnfIyh7QTEPuWbVycGaObzKFJd1je5RNjXsLuPASqCfr9heJ7nuugn9xxFBCCRQCxHg9/VeJrg=="],

    "commander": ["commander@13.1.0", "", {}, "sha512-/rFeCpNJQbhSZjGVwO9RFV3xPqbnERS8MmIQzCtD/zl6gpJuV/bMLuN92oG3F7d8oDEHHRrujSXNUr8fpjntKw=="],

    "typescript": ["typescript@5.6.3", "", { "bin": { "tsc": "bin/tsc", "tsserver": "bin/tsserver" } }, "sha512-hjcS1mhfuyi4WW8IWtjP7brDrG2cuDZukyrYrSauoXGNgx0S7zceP07adYkJycEr56BOUTNPzbInooiN3fn1qw=="],

    "zod": ["zod@3.25.76", "", {}, "sha512-gzUt/qt81nXsFGKIFcC3YnfEAx5NkunCfnDlvuBSSFS02bcXu4Lmea0AFIUwbLWxWPx3d9p8S5QoaujKcNQxcQ=="],
  }
}
