{
  "lockfileVersion": 1,
  "configVersion": 1,
  "workspaces": {
    "": {
      "name": "@hasna/tables",
      "dependencies": {
        "commander": "^15.0.0",
      },
      "devDependencies": {
        "@glideapps/glide-data-grid": "^6.0.3",
        "@types/react": "^18.3.12",
        "@types/react-dom": "^18.3.1",
        "bun-types": "latest",
        "react": "^18.3.1",
        "react-dom": "^18.3.1",
        "typescript": "^5.8.2",
      },
      "peerDependencies": {
        "@glideapps/glide-data-grid": "^6.0.3",
        "react": "^18.2.0",
        "react-dom": "^18.2.0",
      },
      "optionalPeers": [
        "@glideapps/glide-data-grid",
        "react",
        "react-dom",
      ],
    },
  },
  "packages": {
    "@babel/code-frame": ["@babel/code-frame@7.29.7", "", { "dependencies": { "@babel/helper-validator-identifier": "^7.29.7", "js-tokens": "^4.0.0", "picocolors": "^1.1.1" } }, "sha512-Aup7aUOfpbAUg2ROOJN6Iw5f9DMBlzu0mIkm/malLQFN/YQgO48wCj0Kxa3sEHJvPVFg7siR+qRInwXd2qhQKw=="],

    "@babel/compat-data": ["@babel/compat-data@7.29.7", "", {}, "sha512-locTkQyKvwIEgBzVrn8693ebc97F2U8ZHjbXwDXJ5Fn2TCpNwTlKcaKLkdHop5c/icOFE7qt7Q9JC5hnKNa6Gg=="],

    "@babel/core": ["@babel/core@7.29.7", "", { "dependencies": { "@babel/code-frame": "^7.29.7", "@babel/generator": "^7.29.7", "@babel/helper-compilation-targets": "^7.29.7", "@babel/helper-module-transforms": "^7.29.7", "@babel/helpers": "^7.29.7", "@babel/parser": "^7.29.7", "@babel/template": "^7.29.7", "@babel/traverse": "^7.29.7", "@babel/types": "^7.29.7", "@jridgewell/remapping": "^2.3.5", "convert-source-map": "^2.0.0", "debug": "^4.1.0", "gensync": "^1.0.0-beta.2", "json5": "^2.2.3", "semver": "^6.3.1" } }, "sha512-RgHBCvtjbOK2gXSNBNIkNoEc9qoVEtau3hj8gEqKQuL3HZAibKarWFEI3Lfm6EYKkLalOh8eSrj9b+ch9H/VBA=="],

    "@babel/generator": ["@babel/generator@7.29.7", "", { "dependencies": { "@babel/parser": "^7.29.7", "@babel/types": "^7.29.7", "@jridgewell/gen-mapping": "^0.3.12", "@jridgewell/trace-mapping": "^0.3.28", "jsesc": "^3.0.2" } }, "sha512-DkXD5OJQaAQIdZ1bt3UZdEnHAn9Imd3IVBdX03UFe+ony9Ojw5pzr9YVKGDY1jt+Gcn/FnGkNf8r+Vj5NOJWtQ=="],

    "@babel/helper-compilation-targets": ["@babel/helper-compilation-targets@7.29.7", "", { "dependencies": { "@babel/compat-data": "^7.29.7", "@babel/helper-validator-option": "^7.29.7", "browserslist": "^4.24.0", "lru-cache": "^5.1.1", "semver": "^6.3.1" } }, "sha512-wem6WaBj4NaVYVdNhLPPVacES6ZJ+KBBfSkTMD3YZxbP3rm3Di85tJU5ljaUNhaOynt+Aj0xruhYuzQBt8n71g=="],

    "@babel/helper-globals": ["@babel/helper-globals@7.29.7", "", {}, "sha512-3nQVUAtvkKH9zahfWgw96Jc/uFOmjACE1kQz82E2lqWmHBgjzbNlsC22nuQTfahmWeQtTq5nQ/4Nnd2A1wj4zA=="],

    "@babel/helper-module-imports": ["@babel/helper-module-imports@7.29.7", "", { "dependencies": { "@babel/traverse": "^7.29.7", "@babel/types": "^7.29.7" } }, "sha512-ejHwrQQYcm9xnTivShn2IDOlIzInN34AXskvq9QicvCtEzq1Vzclu/tKF8Jq1Cg8JG2GL6/EmjgsCT7lXepE3g=="],

    "@babel/helper-module-transforms": ["@babel/helper-module-transforms@7.29.7", "", { "dependencies": { "@babel/helper-module-imports": "^7.29.7", "@babel/helper-validator-identifier": "^7.29.7", "@babel/traverse": "^7.29.7" }, "peerDependencies": { "@babel/core": "^7.0.0" } }, "sha512-UPUVSyXbOh627KiCIGQSgwWzGeBKLkaJ9PJEdrngIwMSzxLR4jS4+f1f1jb7VzBbg8nFLaYotvVPFCTqdrmTAg=="],

    "@babel/helper-plugin-utils": ["@babel/helper-plugin-utils@7.29.7", "", {}, "sha512-G7sHYigPY17oO5SYWnfD/0MTBwVR781S/JI643e/JhUYgVgWE/61SoW3NH9KWUKyKq5LVh3npif99Wkt6j86Jw=="],

    "@babel/helper-string-parser": ["@babel/helper-string-parser@7.29.7", "", {}, "sha512-Pb5ijPrZ89GDH8223L4UP8i6QApWxs04RbPQJTeWDV0/keR2E36MeKnyr6LYmUUvqRRI+Iv87SuF1W6ErINzYw=="],

    "@babel/helper-validator-identifier": ["@babel/helper-validator-identifier@7.29.7", "", {}, "sha512-qehxGkRj55h/ff8EMaJ+cYhyaKlHIxqYDn682wQD7RNp9UujOQsHog2uS0r2vzr4pW+sXf90NeeayjcNaX3fFg=="],

    "@babel/helper-validator-option": ["@babel/helper-validator-option@7.29.7", "", {}, "sha512-N9ZErrD+yW5geCDtBqnOoxmR8+tNKiGuxKlDpuJxfsqpa2dFcexaziGAE/qoHLiDDreVNMupxGmSoNlyvsA3gw=="],

    "@babel/helpers": ["@babel/helpers@7.29.7", "", { "dependencies": { "@babel/template": "^7.29.7", "@babel/types": "^7.29.7" } }, "sha512-1k2lAGRMfHTcwuNYcCNUmaUffmQv8KWMfh2iJUUeRlwlwH4FdNG7mfPI10NPfLHJFThE4Tyr4mv7kTNZOiPuBg=="],

    "@babel/parser": ["@babel/parser@7.29.7", "", { "dependencies": { "@babel/types": "^7.29.7" }, "bin": "./bin/babel-parser.js" }, "sha512-hnORnjP/1P/zFEndoeX+n+t1RwWRJiJpM/jO7FW32Kn9r5+sJB2JWOdYo4L6k78j15eCwY3Gm/7364B1EMwtNg=="],

    "@babel/plugin-proposal-export-namespace-from": ["@babel/plugin-proposal-export-namespace-from@7.18.9", "", { "dependencies": { "@babel/helper-plugin-utils": "^7.18.9", "@babel/plugin-syntax-export-namespace-from": "^7.8.3" }, "peerDependencies": { "@babel/core": "^7.0.0-0" } }, "sha512-k1NtHyOMvlDDFeb9G5PhUXuGj8m/wiwojgQVEhJ/fsVsMCpLyOP4h0uGEjYJKrRI+EVPlb5Jk+Gt9P97lOGwtA=="],

    "@babel/plugin-syntax-dynamic-import": ["@babel/plugin-syntax-dynamic-import@7.8.3", "", { "dependencies": { "@babel/helper-plugin-utils": "^7.8.0" }, "peerDependencies": { "@babel/core": "^7.0.0-0" } }, "sha512-5gdGbFon+PszYzqs83S3E5mpi7/y/8M9eC90MRTZfduQOYW76ig6SOSPNe41IG5LoP3FGBn2N0RjVDSQiS94kQ=="],

    "@babel/plugin-syntax-export-namespace-from": ["@babel/plugin-syntax-export-namespace-from@7.8.3", "", { "dependencies": { "@babel/helper-plugin-utils": "^7.8.3" }, "peerDependencies": { "@babel/core": "^7.0.0-0" } }, "sha512-MXf5laXo6c1IbEbegDmzGPwGNTsHZmEy6QGznu5Sh2UCWvueywb2ee+CCE4zQiZstxU9BMoQO9i6zUFSY0Kj0Q=="],

    "@babel/plugin-transform-modules-commonjs": ["@babel/plugin-transform-modules-commonjs@7.29.7", "", { "dependencies": { "@babel/helper-module-transforms": "^7.29.7", "@babel/helper-plugin-utils": "^7.29.7" }, "peerDependencies": { "@babel/core": "^7.0.0-0" } }, "sha512-j0vCldybPC5b5dwCQOJ21uKtHzt7hxLygJTg9eF1ScfaikEDNfzn94XoW5Fi+seBR0nCyL23xaBFFkq7dTM8XQ=="],

    "@babel/template": ["@babel/template@7.29.7", "", { "dependencies": { "@babel/code-frame": "^7.29.7", "@babel/parser": "^7.29.7", "@babel/types": "^7.29.7" } }, "sha512-puq+Gf35oI24FeN11LkoUQFqv9uwNeWpxXZi/Ji3rRIoKAzKnxRaZ+Gkj0vKS9ZCiTESfng1N9LyOyXvo+m+Gg=="],

    "@babel/traverse": ["@babel/traverse@7.29.7", "", { "dependencies": { "@babel/code-frame": "^7.29.7", "@babel/generator": "^7.29.7", "@babel/helper-globals": "^7.29.7", "@babel/parser": "^7.29.7", "@babel/template": "^7.29.7", "@babel/types": "^7.29.7", "debug": "^4.3.1" } }, "sha512-EhlfNQtZ+NK22w5BM61ciuiq1m58ed33Wr1Xan//ZRTy6hgjnwyCffRYwzsGXdASJSUJ1guZILsErh1eQcl+zw=="],

    "@babel/types": ["@babel/types@7.29.7", "", { "dependencies": { "@babel/helper-string-parser": "^7.29.7", "@babel/helper-validator-identifier": "^7.29.7" } }, "sha512-4zBIxpPzowiZpusoFkyGVwakdRJUyuH5PxQ/PrqghfdFWWasvnCdPfQXHrenDai+gyLARulZjZowCOj6fjT4pA=="],

    "@emotion/is-prop-valid": ["@emotion/is-prop-valid@1.4.0", "", { "dependencies": { "@emotion/memoize": "^0.9.0" } }, "sha512-QgD4fyscGcbbKwJmqNvUMSE02OsHUa+lAWKdEUIJKgqe5IwRSKd7+KhibEWdaKwgjLj0DRSHA9biAIqGBk05lw=="],

    "@emotion/memoize": ["@emotion/memoize@0.9.0", "", {}, "sha512-30FAj7/EoJ5mwVPOWhAyCX+FPfMDrVecJAM+Iw9NRoSl4BBAQeqj4cApHHUXOVvIPgLVDsCFoz/hGD+5QQD1GQ=="],

    "@glideapps/glide-data-grid": ["@glideapps/glide-data-grid@6.0.3", "", { "dependencies": { "@linaria/react": "^4.5.3", "canvas-hypertxt": "^1.0.3", "react-number-format": "^5.0.0" }, "peerDependencies": { "lodash": "^4.17.19", "marked": "^4.0.10", "react": "^16.12.0 || 17.x || 18.x", "react-dom": "^16.12.0 || 17.x || 18.x", "react-responsive-carousel": "^3.2.7" } }, "sha512-YXKggiNOaEemf0jP0jORq2EQKz+zXms+6mGzZc+q0mLMjmgzzoGLOQC1uYcynXSj1R61bd27JcPFsoH+Gj37Vg=="],

    "@jridgewell/gen-mapping": ["@jridgewell/gen-mapping@0.3.13", "", { "dependencies": { "@jridgewell/sourcemap-codec": "^1.5.0", "@jridgewell/trace-mapping": "^0.3.24" } }, "sha512-2kkt/7niJ6MgEPxF0bYdQ6etZaA+fQvDcLKckhy1yIQOzaoKjBBjSj63/aLVjYE3qhRt5dvM+uUyfCg6UKCBbA=="],

    "@jridgewell/remapping": ["@jridgewell/remapping@2.3.5", "", { "dependencies": { "@jridgewell/gen-mapping": "^0.3.5", "@jridgewell/trace-mapping": "^0.3.24" } }, "sha512-LI9u/+laYG4Ds1TDKSJW2YPrIlcVYOwi2fUC6xB43lueCjgxV4lffOCZCtYFiH6TNOX+tQKXx97T4IKHbhyHEQ=="],

    "@jridgewell/resolve-uri": ["@jridgewell/resolve-uri@3.1.2", "", {}, "sha512-bRISgCIjP20/tbWSPWMEi54QVPRZExkuD9lJL+UIxUKtwVJA8wW1Trb1jMs1RFXo1CBTNZ/5hpC9QvmKWdopKw=="],

    "@jridgewell/sourcemap-codec": ["@jridgewell/sourcemap-codec@1.5.5", "", {}, "sha512-cYQ9310grqxueWbl+WuIUIaiUaDcj7WOq5fVhEljNVgRfOUhY9fy2zTvfoqWsnebh8Sl70VScFbICvJnLKB0Og=="],

    "@jridgewell/trace-mapping": ["@jridgewell/trace-mapping@0.3.31", "", { "dependencies": { "@jridgewell/resolve-uri": "^3.1.0", "@jridgewell/sourcemap-codec": "^1.4.14" } }, "sha512-zzNR+SdQSDJzc8joaeP8QQoCQr8NuYx2dIIytl1QeBEZHJ9uW6hebsrYgbz8hJwUQao3TWCMtmfV8Nu1twOLAw=="],

    "@linaria/core": ["@linaria/core@4.5.4", "", { "dependencies": { "@linaria/logger": "^4.5.0", "@linaria/tags": "^4.5.4", "@linaria/utils": "^4.5.3" } }, "sha512-vMs/5iU0stxjfbBCxobIgY+wSQx4G8ukNwrhjPVD+6bF9QrTwi5rl0mKaCMxaGMjnfsLRiiM3i+hnWLIEYLdSg=="],

    "@linaria/logger": ["@linaria/logger@4.5.0", "", { "dependencies": { "debug": "^4.1.1", "picocolors": "^1.0.0" } }, "sha512-XdQLk242Cpcsc9a3Cz1ktOE5ysTo2TpxdeFQEPwMm8Z/+F/S6ZxBDdHYJL09srXWz3hkJr3oS2FPuMZNH1HIxw=="],

    "@linaria/react": ["@linaria/react@4.5.4", "", { "dependencies": { "@emotion/is-prop-valid": "^1.2.0", "@linaria/core": "^4.5.4", "@linaria/tags": "^4.5.4", "@linaria/utils": "^4.5.3", "minimatch": "^9.0.3", "react-html-attributes": "^1.4.6", "ts-invariant": "^0.10.3" }, "peerDependencies": { "react": ">=16" } }, "sha512-/dhCVCsfdGPfQCPV0q5yy+DDlFXepvfXrw/os2fC+Xo1v9J/9gyiaBBWHzcumauvNNFj8aN6vRkj89fMujPHew=="],

    "@linaria/tags": ["@linaria/tags@4.5.4", "", { "dependencies": { "@babel/generator": "^7.22.9", "@linaria/logger": "^4.5.0", "@linaria/utils": "^4.5.3" } }, "sha512-HPxLB6HlJWLi6o8+8lTLegOmDnbMbuzEE+zzunaPZEGSoIIYx8HAv5VbY/sG/zNyxDElk6laiAwEVWN8h5/zxg=="],

    "@linaria/utils": ["@linaria/utils@4.5.3", "", { "dependencies": { "@babel/core": "^7.22.9", "@babel/generator": "^7.22.9", "@babel/plugin-proposal-export-namespace-from": "^7.18.9", "@babel/plugin-syntax-dynamic-import": "^7.8.3", "@babel/plugin-transform-modules-commonjs": "^7.22.5", "@babel/template": "^7.22.5", "@babel/traverse": "^7.22.8", "@babel/types": "^7.22.5", "@linaria/logger": "^4.5.0", "babel-merge": "^3.0.0", "find-up": "^5.0.0", "minimatch": "^9.0.3" } }, "sha512-tSpxA3Zn0DKJ2n/YBnYAgiDY+MNvkmzAHrD8R9PKrpGaZ+wz1jQEmE1vGn1cqh8dJyWK0NzPAA8sf1cqa+RmAg=="],

    "@types/node": ["@types/node@26.0.1", "", { "dependencies": { "undici-types": "~8.3.0" } }, "sha512-fc3KiUoBt6kie0N9bIW3E47vZsuaMf0PM2AaUpLCLT0s/LvX1nxAim6Fc049cNxODPpGm6qRAuUOB86SkRuPQw=="],

    "@types/prop-types": ["@types/prop-types@15.7.15", "", {}, "sha512-F6bEyamV9jKGAFBEmlQnesRPGOQqS2+Uwi0Em15xenOxHaf2hv6L8YCVn3rPdPJOiJfPiCnLIRyvwVaqMY3MIw=="],

    "@types/react": ["@types/react@18.3.31", "", { "dependencies": { "@types/prop-types": "*", "csstype": "^3.2.2" } }, "sha512-vfEqpXTvwT91yhmwdfouStN2hSKwTvyRs8qpLfADyrq/kxDw0hZM7Wk9Ug1FELj8hIby+S/+kQCSRFF32nv2Qw=="],

    "@types/react-dom": ["@types/react-dom@18.3.7", "", { "peerDependencies": { "@types/react": "^18.0.0" } }, "sha512-MEe3UeoENYVFXzoXEWsvcpg6ZvlrFNlOQ7EOsvhI3CfAXwzPfO8Qwuxd40nepsYKqyyVQnTdEfv68q91yLcKrQ=="],

    "babel-merge": ["babel-merge@3.0.0", "", { "dependencies": { "deepmerge": "^2.2.1", "object.omit": "^3.0.0" }, "peerDependencies": { "@babel/core": "^7.0.0" } }, "sha512-eBOBtHnzt9xvnjpYNI5HmaPp/b2vMveE5XggzqHnQeHJ8mFIBrBv6WZEVIj5jJ2uwTItkqKo9gWzEEcBxEq0yw=="],

    "balanced-match": ["balanced-match@1.0.2", "", {}, "sha512-3oSeUO0TMV67hN1AmbXsK4yaqU7tjiHlbxRDZOpH0KW9+CeX4bRAaX0Anxt0tx2MrpRpWwQaPwIlISEJhYU5Pw=="],

    "baseline-browser-mapping": ["baseline-browser-mapping@2.10.40", "", { "bin": { "baseline-browser-mapping": "dist/cli.cjs" } }, "sha512-BSSLZ9/Cjjv7Gtj5B68ZzXcXUg8iOf3fme+FCuh8rC/Go+Kmh8cox7M3A8dolou16s64QjLPOSdngh7GxXvkSw=="],

    "brace-expansion": ["brace-expansion@2.1.1", "", { "dependencies": { "balanced-match": "^1.0.0" } }, "sha512-WR1cURNjuvBLMZBMbqM0UoE+WAfdUcEV1ccD8PVBVOI+Z3ND4+SZbN8RsfT2bMuG1qwz5RFvPukSZm5fF2D5eA=="],

    "browserslist": ["browserslist@4.28.4", "", { "dependencies": { "baseline-browser-mapping": "^2.10.38", "caniuse-lite": "^1.0.30001799", "electron-to-chromium": "^1.5.376", "node-releases": "^2.0.48", "update-browserslist-db": "^1.2.3" }, "bin": { "browserslist": "cli.js" } }, "sha512-MTc8i/x9jBQd1iMw2CFGS+rwMa07eYjLR0CCTLDACl9xhxy+nIs3KeML/biicXtk9JrZ6dnnTatmc7ErPXIxqw=="],

    "bun-types": ["bun-types@1.3.14", "", { "dependencies": { "@types/node": "*" } }, "sha512-4N0ig0fEomHt5R0KCFWjovxow98rIoRwKolrYdCcknNwMekCXRnWEUvgu5soYV8QXtVsrUD8B95MBOZGPvr6KQ=="],

    "caniuse-lite": ["caniuse-lite@1.0.30001800", "", {}, "sha512-MMHtuAz9Ys840zAY5F4k6fV5GaivZ9sPk+nz0mY+GYVzRBnYkN0mpqkSR92oWRQ19yQWo4HvBV/FnC16AJX8MA=="],

    "canvas-hypertxt": ["canvas-hypertxt@1.0.3", "", {}, "sha512-+VsMpRr64jYgKq2IeFUNel3vCZH/IzS+iXSHxmUV3IUH5dXlC9xHz4AwtPZisDxZ5MWcuK0V+TXgPKFPiZnxzg=="],

    "classnames": ["classnames@2.5.1", "", {}, "sha512-saHYOzhIQs6wy2sVxTM6bUDsQO4F50V9RQ22qBpEdCW+I+/Wmke2HOl6lS6dTpdxVhb88/I6+Hs+438c3lfUow=="],

    "commander": ["commander@15.0.0", "", {}, "sha512-z67u4ZhzCL/Tydu1lJARtEZYWbWaN7oYLHbsuzocr6y4N6WZAagG3RQ4FW61V1/0+jImpj293XfrcYnd1qxtPg=="],

    "convert-source-map": ["convert-source-map@2.0.0", "", {}, "sha512-Kvp459HrV2FEJ1CAsi1Ku+MY3kasH19TFykTz2xWmMeq6bk2NU3XXvfJ+Q61m0xktWwt+1HSYf3JZsTms3aRJg=="],

    "csstype": ["csstype@3.2.3", "", {}, "sha512-z1HGKcYy2xA8AGQfwrn0PAy+PB7X/GSj3UVJW9qKyn43xWa+gl5nXmU4qqLMRzWVLFC8KusUX8T/0kCiOYpAIQ=="],

    "debug": ["debug@4.4.3", "", { "dependencies": { "ms": "^2.1.3" } }, "sha512-RGwwWnwQvkVfavKVt22FGLw+xYSdzARwm0ru6DhTVA3umU5hZc28V3kO4stgYryrTlLpuvgI9GiijltAjNbcqA=="],

    "deepmerge": ["deepmerge@2.2.1", "", {}, "sha512-R9hc1Xa/NOBi9WRVUWg19rl1UB7Tt4kuPd+thNJgFZoxXsTz7ncaPaeIm+40oSGuP33DfMb4sZt1QIGiJzC4EA=="],

    "electron-to-chromium": ["electron-to-chromium@1.5.383", "", {}, "sha512-I2484/KkAvl8lm9VyjH2JnbOIV0d/UCqT7gbzs6l+o6Vmn9wgB66uVcKX+Vk6HrXtY6fbWTOEXuv8waDTuFNCw=="],

    "escalade": ["escalade@3.2.0", "", {}, "sha512-WUj2qlxaQtO4g6Pq5c29GTcWGDyd8itL8zTlipgECz3JesAiiOKotd8JU6otB3PACgG6xkJUyVhboMS+bje/jA=="],

    "find-up": ["find-up@5.0.0", "", { "dependencies": { "locate-path": "^6.0.0", "path-exists": "^4.0.0" } }, "sha512-78/PXT1wlLLDgTzDs7sjq9hzz0vXD+zn+7wypEe4fXQxCmdmqfGsEPQxmiCSQI3ajFV91bVSsvNtrJRiW6nGng=="],

    "gensync": ["gensync@1.0.0-beta.2", "", {}, "sha512-3hN7NaskYvMDLQY55gnW3NQ+mesEAepTqlg+VEbj7zzqEMBVNhzcGYYeqFo/TlYz6eQiFcp1HcsCZO+nGgS8zg=="],

    "html-element-attributes": ["html-element-attributes@1.3.1", "", {}, "sha512-UrRKgp5sQmRnDy4TEwAUsu14XBUlzKB8U3hjIYDjcZ3Hbp86Jtftzxfgrv6E/ii/h78tsaZwAnAE8HwnHr0dPA=="],

    "is-extendable": ["is-extendable@1.0.1", "", { "dependencies": { "is-plain-object": "^2.0.4" } }, "sha512-arnXMxT1hhoKo9k1LZdmlNyJdDDfy2v0fXjFlmok4+i8ul/6WlbVge9bhM74OpNPQPMGUToDtz+KXa1PneJxOA=="],

    "is-plain-object": ["is-plain-object@2.0.4", "", { "dependencies": { "isobject": "^3.0.1" } }, "sha512-h5PpgXkWitc38BBMYawTYMWJHFZJVnBquFE57xFpjB8pJFiF6gZ+bU+WyI/yqXiFR5mdLsgYNaPe8uao6Uv9Og=="],

    "isobject": ["isobject@3.0.1", "", {}, "sha512-WhB9zCku7EGTj/HQQRz5aUQEUeoQZH2bWcltRErOpymJ4boYE6wL9Tbr23krRPSZ+C5zqNSrSw+Cc7sZZ4b7vg=="],

    "js-tokens": ["js-tokens@4.0.0", "", {}, "sha512-RdJUflcE3cUzKiMqQgsCu06FPu9UdIJO0beYbPhHN4k6apgJtifcoCtT9bcxOpYBtpD2kCM6Sbzg4CausW/PKQ=="],

    "jsesc": ["jsesc@3.1.0", "", { "bin": { "jsesc": "bin/jsesc" } }, "sha512-/sM3dO2FOzXjKQhJuo0Q173wf2KOo8t4I8vHy6lF9poUp7bKT0/NHE8fPX23PwfhnykfqnC2xRxOnVw5XuGIaA=="],

    "json5": ["json5@2.2.3", "", { "bin": { "json5": "lib/cli.js" } }, "sha512-XmOWe7eyHYH14cLdVPoyg+GOH3rYX++KpzrylJwSW98t3Nk+U8XOl8FWKOgwtzdb8lXGf6zYwDUzeHMWfxasyg=="],

    "locate-path": ["locate-path@6.0.0", "", { "dependencies": { "p-locate": "^5.0.0" } }, "sha512-iPZK6eYjbxRu3uB4/WZ3EsEIMJFMqAoopl3R+zuq0UjcAm/MO6KCweDgPfP3elTztoKP3KtnVHxTn2NHBSDVUw=="],

    "lodash": ["lodash@4.18.1", "", {}, "sha512-dMInicTPVE8d1e5otfwmmjlxkZoUpiVLwyeTdUsi/Caj/gfzzblBcCE5sRHV/AsjuCmxWrte2TNGSYuCeCq+0Q=="],

    "loose-envify": ["loose-envify@1.4.0", "", { "dependencies": { "js-tokens": "^3.0.0 || ^4.0.0" }, "bin": { "loose-envify": "cli.js" } }, "sha512-lyuxPGr/Wfhrlem2CL/UcnUc1zcqKAImBDzukY7Y5F/yQiNdko6+fRLevlw1HgMySw7f611UIY408EtxRSoK3Q=="],

    "lru-cache": ["lru-cache@5.1.1", "", { "dependencies": { "yallist": "^3.0.2" } }, "sha512-KpNARQA3Iwv+jTA0utUVVbrh+Jlrr1Fv0e56GGzAFOXN7dk/FviaDW8LHmK52DlcH4WP2n6gI8vN1aesBFgo9w=="],

    "marked": ["marked@4.3.0", "", { "bin": { "marked": "bin/marked.js" } }, "sha512-PRsaiG84bK+AMvxziE/lCFss8juXjNaWzVbN5tXAm4XjeaS9NAHhop+PjQxz2A9h8Q4M/xGmzP8vqNwy6JeK0A=="],

    "minimatch": ["minimatch@9.0.9", "", { "dependencies": { "brace-expansion": "^2.0.2" } }, "sha512-OBwBN9AL4dqmETlpS2zasx+vTeWclWzkblfZk7KTA5j3jeOONz/tRCnZomUyvNg83wL5Zv9Ss6HMJXAgL8R2Yg=="],

    "ms": ["ms@2.1.3", "", {}, "sha512-6FlzubTLZG3J2a/NVCAleEhjzq5oxgHyaCU9yYXvcLsvoVaHJq/s5xXI6/XXP6tz7R9xAOtHnSO/tXtF3WRTlA=="],

    "node-releases": ["node-releases@2.0.50", "", {}, "sha512-J6l92tKHX6w8Jy5nO1Vuc01NoIiRGi/d6qBKVxh+IQ8Cr3b6HbVNfKiF8ZpFKufTwpwxMmce2W3iQZ861ZRyTg=="],

    "object-assign": ["object-assign@4.1.1", "", {}, "sha512-rJgTQnkUnH1sFw8yT6VSU3zD3sWmu6sZhIseY8VX+GRu3P6F7Fu+JNDoXfklElbLJSnc3FUQHVe4cU5hj+BcUg=="],

    "object.omit": ["object.omit@3.0.0", "", { "dependencies": { "is-extendable": "^1.0.0" } }, "sha512-EO+BCv6LJfu+gBIF3ggLicFebFLN5zqzz/WWJlMFfkMyGth+oBkhxzDl0wx2W4GkLzuQs/FsSkXZb2IMWQqmBQ=="],

    "p-limit": ["p-limit@3.1.0", "", { "dependencies": { "yocto-queue": "^0.1.0" } }, "sha512-TYOanM3wGwNGsZN2cVTYPArw454xnXj5qmWF1bEoAc4+cU/ol7GVh7odevjp1FNHduHc3KZMcFduxU5Xc6uJRQ=="],

    "p-locate": ["p-locate@5.0.0", "", { "dependencies": { "p-limit": "^3.0.2" } }, "sha512-LaNjtRWUBY++zB5nE/NwcaoMylSPk+S+ZHNB1TzdbMJMny6dynpAGt7X/tl/QYq3TIeE6nxHppbo2LGymrG5Pw=="],

    "path-exists": ["path-exists@4.0.0", "", {}, "sha512-ak9Qy5Q7jYb2Wwcey5Fpvg2KoAc/ZIhLSLOSBmRmygPsGwkVVt0fZa0qrtMz+m6tJTAHfZQ8FnmB4MG4LWy7/w=="],

    "picocolors": ["picocolors@1.1.1", "", {}, "sha512-xceH2snhtb5M9liqDsmEw56le376mTZkEX/jEb/RxNFyegNul7eNslCXP9FDj/Lcu0X8KEyMceP2ntpaHrDEVA=="],

    "prop-types": ["prop-types@15.8.1", "", { "dependencies": { "loose-envify": "^1.4.0", "object-assign": "^4.1.1", "react-is": "^16.13.1" } }, "sha512-oj87CgZICdulUohogVAR7AjlC0327U4el4L6eAvOqCeudMDVU0NThNaV+b9Df4dXgSP1gXMTnPdhfe/2qDH5cg=="],

    "react": ["react@18.3.1", "", { "dependencies": { "loose-envify": "^1.1.0" } }, "sha512-wS+hAgJShR0KhEvPJArfuPVN1+Hz1t0Y6n5jLrGQbkb4urgPE/0Rve+1kMB1v/oWgHgm4WIcV+i7F2pTVj+2iQ=="],

    "react-dom": ["react-dom@18.3.1", "", { "dependencies": { "loose-envify": "^1.1.0", "scheduler": "^0.23.2" }, "peerDependencies": { "react": "^18.3.1" } }, "sha512-5m4nQKp+rZRb09LNH59GM4BxTh9251/ylbKIbpe7TpGxfJ+9kv6BLkLBXIjjspbgbnIBNqlI23tRnTWT0snUIw=="],

    "react-easy-swipe": ["react-easy-swipe@0.0.21", "", { "dependencies": { "prop-types": "^15.5.8" } }, "sha512-OeR2jAxdoqUMHIn/nS9fgreI5hSpgGoL5ezdal4+oO7YSSgJR8ga+PkYGJrSrJ9MKlPcQjMQXnketrD7WNmNsg=="],

    "react-html-attributes": ["react-html-attributes@1.4.6", "", { "dependencies": { "html-element-attributes": "^1.0.0" } }, "sha512-uS3MmThNKFH2EZUQQw4k5pIcU7XIr208UE5dktrj/GOH1CMagqxDl4DCLpt3o2l9x+IB5nVYBeN3Cr4IutBXAg=="],

    "react-is": ["react-is@16.13.1", "", {}, "sha512-24e6ynE2H+OKt4kqsOvNd8kBpV65zoxbA4BVsEOB3ARVWQki/DHzaUoC5KuON/BiccDaCCTZBuOcfZs70kR8bQ=="],

    "react-number-format": ["react-number-format@5.4.5", "", { "peerDependencies": { "react": "^0.14 || ^15.0.0 || ^16.0.0 || ^17.0.0 || ^18.0.0 || ^19.0.0", "react-dom": "^0.14 || ^15.0.0 || ^16.0.0 || ^17.0.0 || ^18.0.0 || ^19.0.0" } }, "sha512-y8O2yHHj3w0aE9XO8d2BCcUOOdQTRSVq+WIuMlLVucAm5XNjJAy+BoOJiuQMldVYVOKTMyvVNfnbl2Oqp+YxGw=="],

    "react-responsive-carousel": ["react-responsive-carousel@3.2.23", "", { "dependencies": { "classnames": "^2.2.5", "prop-types": "^15.5.8", "react-easy-swipe": "^0.0.21" } }, "sha512-pqJLsBaKHWJhw/ItODgbVoziR2z4lpcJg+YwmRlSk4rKH32VE633mAtZZ9kDXjy4wFO+pgUZmDKPsPe1fPmHCg=="],

    "scheduler": ["scheduler@0.23.2", "", { "dependencies": { "loose-envify": "^1.1.0" } }, "sha512-UOShsPwz7NrMUqhR6t0hWjFduvOzbtv7toDH1/hIrfRNIDBnnBWd0CwJTGvTpngVlmwGCdP9/Zl/tVrDqcuYzQ=="],

    "semver": ["semver@6.3.1", "", { "bin": { "semver": "bin/semver.js" } }, "sha512-BR7VvDCVHO+q2xBEWskxS6DJE1qRnb7DxzUrogb71CWoSficBxYsiAGd+Kl0mmq/MprG9yArRkyrQxTO6XjMzA=="],

    "ts-invariant": ["ts-invariant@0.10.3", "", { "dependencies": { "tslib": "^2.1.0" } }, "sha512-uivwYcQaxAucv1CzRp2n/QdYPo4ILf9VXgH19zEIjFx2EJufV16P0JtJVpYHy89DItG6Kwj2oIUjrcK5au+4tQ=="],

    "tslib": ["tslib@2.8.1", "", {}, "sha512-oJFu94HQb+KVduSUQL7wnpmqnfmLsOA/nAh6b6EH0wCEoK0/mPeXU6c3wKDV83MkOuHPRHtSXKKU99IBazS/2w=="],

    "typescript": ["typescript@5.9.3", "", { "bin": { "tsc": "bin/tsc", "tsserver": "bin/tsserver" } }, "sha512-jl1vZzPDinLr9eUt3J/t7V6FgNEw9QjvBPdysz9KfQDD41fQrC2Y4vKQdiaUpFT4bXlb1RHhLpp8wtm6M5TgSw=="],

    "undici-types": ["undici-types@8.3.0", "", {}, "sha512-j375ScV60dom+YkPFIfTLcOiPxkN/buHz5GobjLhixFuANaNs3C9l4GmrWqejgXWJ7BbJcFYpTEUkS1Ge8bpZQ=="],

    "update-browserslist-db": ["update-browserslist-db@1.2.3", "", { "dependencies": { "escalade": "^3.2.0", "picocolors": "^1.1.1" }, "peerDependencies": { "browserslist": ">= 4.21.0" }, "bin": { "update-browserslist-db": "cli.js" } }, "sha512-Js0m9cx+qOgDxo0eMiFGEueWztz+d4+M3rGlmKPT+T4IS/jP4ylw3Nwpu6cpTTP8R1MAC1kF4VbdLt3ARf209w=="],

    "yallist": ["yallist@3.1.1", "", {}, "sha512-a4UGQaWPH59mOXUYnAG2ewncQS4i4F43Tv3JoAM+s2VDAmS9NsK8GpDMLrCHPksFT7h3K6TOoUNn2pb7RoXx4g=="],

    "yocto-queue": ["yocto-queue@0.1.0", "", {}, "sha512-rVksvsnNCdJ/ohGc6xgPwyN8eheCxsiLM8mxuE/t/mOVqJewPuO1miLpTHQiRgTKCLexL4MeAFVagts7HmNZ2Q=="],
  }
}
