{
  "name": "shield-report-fixture",
  "lockfileVersion": 3,
  "requires": true,
  "packages": {
    "": {
      "name": "shield-report-fixture",
      "dependencies": {
        "axios": "1.14.1",
        "chalk": "5.4.1"
      }
    },
    "node_modules/axios": {
      "version": "1.14.1",
      "integrity": "sha512-fixture-axios"
    },
    "node_modules/chalk": {
      "version": "5.4.1",
      "integrity": "sha512-fixture-chalk"
    }
  }
}
